
Microsoft Visual Studio Solution File, Format Version 12.00
Project("{FAE04EC0-301F-11D3-BF4B-00C04F79EFBC}") = "WiegandCalculator", "WiegandCalculator.csproj", "{F5B6FDFB-3BB5-4F97-A9F3-4EF37B10BC63}"
EndProject
Global
	GlobalSection(SolutionConfigurationPlatforms) = preSolution
		Debug|Any CPU = Debug|Any CPU
		Release|Any CPU = Release|Any CPU
	EndGlobalSection
	GlobalSection(ProjectConfigurationPlatforms) = postSolution
		{F5B6FDFB-3BB5-4F97-A9F3-4EF37B10BC63}.Debug|Any CPU.ActiveCfg = Debug|Any CPU
		{F5B6FDFB-3BB5-4F97-A9F3-4EF37B10BC63}.Debug|Any CPU.Build.0 = Debug|Any CPU
		{F5B6FDFB-3BB5-4F97-A9F3-4EF37B10BC63}.Release|Any CPU.ActiveCfg = Release|Any CPU
		{F5B6FDFB-3BB5-4F97-A9F3-4EF37B10BC63}.Release|Any CPU.Build.0 = Release|Any CPU
	EndGlobalSection
EndGlobal
